
Microsoft Visual Studio Solution File, Format Version 12.00
# Visual Studio 14
VisualStudioVersion = 14.0.25420.1
MinimumVisualStudioVersion = 10.0.40219.1
Project("{FAE04EC0-301F-11D3-BF4B-00C04F79EFBC}") = "RandomWalkClient", "RandomWalkClient\RandomWalkClient.csproj", "{651DC881-7D62-42E6-AFDA-65338526B3BB}"
EndProject
Project("{FAE04EC0-301F-11D3-BF4B-00C04F79EFBC}") = "Common", "Common\Common.csproj", "{E9E1D663-0C69-45C6-A9B7-B71083213F54}"
EndProject
Project("{FAE04EC0-301F-11D3-BF4B-00C04F79EFBC}") = "SAClient", "SAClient\SAClient.csproj", "{A1A3D769-A9DC-46C2-9F1B-00E9B2D9026A}"
EndProject
Project("{FAE04EC0-301F-11D3-BF4B-00C04F79EFBC}") = "Debug", "Debug\Debug.csproj", "{ACC7EFC6-755C-4E20-8B45-FF3E4C59F375}"
EndProject
Project("{FAE04EC0-301F-11D3-BF4B-00C04F79EFBC}") = "DebugOut", "DebugOut\DebugOut.csproj", "{D9124664-54F8-4138-A53E-9F49EDAD2CB0}"
EndProject
Global
	GlobalSection(Performance) = preSolution
		HasPerformanceSessions = true
	EndGlobalSection
	GlobalSection(SolutionConfigurationPlatforms) = preSolution
		Debug|Any CPU = Debug|Any CPU
		Release|Any CPU = Release|Any CPU
	EndGlobalSection
	GlobalSection(ProjectConfigurationPlatforms) = postSolution
		{651DC881-7D62-42E6-AFDA-65338526B3BB}.Debug|Any CPU.ActiveCfg = Debug|Any CPU
		{651DC881-7D62-42E6-AFDA-65338526B3BB}.Debug|Any CPU.Build.0 = Debug|Any CPU
		{651DC881-7D62-42E6-AFDA-65338526B3BB}.Release|Any CPU.ActiveCfg = Release|Any CPU
		{651DC881-7D62-42E6-AFDA-65338526B3BB}.Release|Any CPU.Build.0 = Release|Any CPU
		{E9E1D663-0C69-45C6-A9B7-B71083213F54}.Debug|Any CPU.ActiveCfg = Debug|Any CPU
		{E9E1D663-0C69-45C6-A9B7-B71083213F54}.Debug|Any CPU.Build.0 = Debug|Any CPU
		{E9E1D663-0C69-45C6-A9B7-B71083213F54}.Release|Any CPU.ActiveCfg = Release|Any CPU
		{E9E1D663-0C69-45C6-A9B7-B71083213F54}.Release|Any CPU.Build.0 = Release|Any CPU
		{A1A3D769-A9DC-46C2-9F1B-00E9B2D9026A}.Debug|Any CPU.ActiveCfg = Debug|Any CPU
		{A1A3D769-A9DC-46C2-9F1B-00E9B2D9026A}.Debug|Any CPU.Build.0 = Debug|Any CPU
		{A1A3D769-A9DC-46C2-9F1B-00E9B2D9026A}.Release|Any CPU.ActiveCfg = Release|Any CPU
		{A1A3D769-A9DC-46C2-9F1B-00E9B2D9026A}.Release|Any CPU.Build.0 = Release|Any CPU
		{ACC7EFC6-755C-4E20-8B45-FF3E4C59F375}.Debug|Any CPU.ActiveCfg = Debug|Any CPU
		{ACC7EFC6-755C-4E20-8B45-FF3E4C59F375}.Debug|Any CPU.Build.0 = Debug|Any CPU
		{ACC7EFC6-755C-4E20-8B45-FF3E4C59F375}.Release|Any CPU.ActiveCfg = Release|Any CPU
		{ACC7EFC6-755C-4E20-8B45-FF3E4C59F375}.Release|Any CPU.Build.0 = Release|Any CPU
		{D9124664-54F8-4138-A53E-9F49EDAD2CB0}.Debug|Any CPU.ActiveCfg = Debug|Any CPU
		{D9124664-54F8-4138-A53E-9F49EDAD2CB0}.Debug|Any CPU.Build.0 = Debug|Any CPU
		{D9124664-54F8-4138-A53E-9F49EDAD2CB0}.Release|Any CPU.ActiveCfg = Release|Any CPU
		{D9124664-54F8-4138-A53E-9F49EDAD2CB0}.Release|Any CPU.Build.0 = Release|Any CPU
	EndGlobalSection
	GlobalSection(SolutionProperties) = preSolution
		HideSolutionNode = FALSE
	EndGlobalSection
EndGlobal
